
Microsoft Visual Studio Solution File, Format Version 12.00
# Visual Studio Version 17
VisualStudioVersion = 17.0.31903.59
MinimumVisualStudioVersion = 10.0.40219.1
Project("{FAE04EC0-301F-11D3-BF4B-00C04F79EFBC}") = "Masa.TodoApp.WebApi", "Masa.TodoApp.WebApi\Masa.TodoApp.WebApi.csproj", "{06B6BACF-21E3-4684-B281-470EC80DB423}"
EndProject
Project("{FAE04EC0-301F-11D3-BF4B-00C04F79EFBC}") = "Masa.TodoApp.Contracts", "Masa.TodoApp.Contracts\Masa.TodoApp.Contracts.csproj", "{03466E0B-8A55-4ADF-9C83-FF7CAF65AD8C}"
EndProject
Project("{FAE04EC0-301F-11D3-BF4B-00C04F79EFBC}") = "Masa.TodoApp.WebBalzor", "Masa.TodoApp.WebBalzor\Masa.TodoApp.WebBalzor.csproj", "{E3C308E3-7CC6-4B48-82FF-F9025D2B785C}"
EndProject
Global
	GlobalSection(SolutionConfigurationPlatforms) = preSolution
		Debug|Any CPU = Debug|Any CPU
		Release|Any CPU = Release|Any CPU
	EndGlobalSection
	GlobalSection(SolutionProperties) = preSolution
		HideSolutionNode = FALSE
	EndGlobalSection
	GlobalSection(ProjectConfigurationPlatforms) = postSolution
		{06B6BACF-21E3-4684-B281-470EC80DB423}.Debug|Any CPU.ActiveCfg = Debug|Any CPU
		{06B6BACF-21E3-4684-B281-470EC80DB423}.Debug|Any CPU.Build.0 = Debug|Any CPU
		{06B6BACF-21E3-4684-B281-470EC80DB423}.Release|Any CPU.ActiveCfg = Release|Any CPU
		{06B6BACF-21E3-4684-B281-470EC80DB423}.Release|Any CPU.Build.0 = Release|Any CPU
		{03466E0B-8A55-4ADF-9C83-FF7CAF65AD8C}.Debug|Any CPU.ActiveCfg = Debug|Any CPU
		{03466E0B-8A55-4ADF-9C83-FF7CAF65AD8C}.Debug|Any CPU.Build.0 = Debug|Any CPU
		{03466E0B-8A55-4ADF-9C83-FF7CAF65AD8C}.Release|Any CPU.ActiveCfg = Release|Any CPU
		{03466E0B-8A55-4ADF-9C83-FF7CAF65AD8C}.Release|Any CPU.Build.0 = Release|Any CPU
		{E3C308E3-7CC6-4B48-82FF-F9025D2B785C}.Debug|Any CPU.ActiveCfg = Debug|Any CPU
		{E3C308E3-7CC6-4B48-82FF-F9025D2B785C}.Debug|Any CPU.Build.0 = Debug|Any CPU
		{E3C308E3-7CC6-4B48-82FF-F9025D2B785C}.Release|Any CPU.ActiveCfg = Release|Any CPU
		{E3C308E3-7CC6-4B48-82FF-F9025D2B785C}.Release|Any CPU.Build.0 = Release|Any CPU
	EndGlobalSection
EndGlobal
